
Microsoft Visual Studio Solution File, Format Version 12.00
Project("{FAE04EC0-301F-11D3-BF4B-00C04F79EFBC}") = "BenchMark.NET", "BenchMark.NET.csproj", "{5F17EC6A-7EB8-4220-999A-8668B9CC22F5}"
EndProject
Global
	GlobalSection(SolutionConfigurationPlatforms) = preSolution
		Debug|Any CPU = Debug|Any CPU
		Release|Any CPU = Release|Any CPU
	EndGlobalSection
	GlobalSection(ProjectConfigurationPlatforms) = postSolution
		{5F17EC6A-7EB8-4220-999A-8668B9CC22F5}.Debug|Any CPU.ActiveCfg = Debug|Any CPU
		{5F17EC6A-7EB8-4220-999A-8668B9CC22F5}.Debug|Any CPU.Build.0 = Debug|Any CPU
		{5F17EC6A-7EB8-4220-999A-8668B9CC22F5}.Release|Any CPU.ActiveCfg = Release|Any CPU
		{5F17EC6A-7EB8-4220-999A-8668B9CC22F5}.Release|Any CPU.Build.0 = Release|Any CPU
	EndGlobalSection
EndGlobal
